
Microsoft Visual Studio Solution File, Format Version 12.00
# Visual Studio 15
VisualStudioVersion = 15.0.28010.2016
MinimumVisualStudioVersion = 10.0.40219.1
Project("{FAE04EC0-301F-11D3-BF4B-00C04F79EFBC}") = "Sklep", "Sklep\Sklep.csproj", "{6C98A9CA-5E6E-4E6F-9D1F-3A7A2113F316}"
EndProject
Project("{FAE04EC0-301F-11D3-BF4B-00C04F79EFBC}") = "Sklep.Tests", "Sklep.Tests\Sklep.Tests.csproj", "{115DC83C-FCDE-4217-A2B6-2561257D9B1B}"
EndProject
Global
	GlobalSection(SolutionConfigurationPlatforms) = preSolution
		Debug|Any CPU = Debug|Any CPU
		Release|Any CPU = Release|Any CPU
	EndGlobalSection
	GlobalSection(ProjectConfigurationPlatforms) = postSolution
		{6C98A9CA-5E6E-4E6F-9D1F-3A7A2113F316}.Debug|Any CPU.ActiveCfg = Debug|Any CPU
		{6C98A9CA-5E6E-4E6F-9D1F-3A7A2113F316}.Debug|Any CPU.Build.0 = Debug|Any CPU
		{6C98A9CA-5E6E-4E6F-9D1F-3A7A2113F316}.Release|Any CPU.ActiveCfg = Release|Any CPU
		{6C98A9CA-5E6E-4E6F-9D1F-3A7A2113F316}.Release|Any CPU.Build.0 = Release|Any CPU
		{115DC83C-FCDE-4217-A2B6-2561257D9B1B}.Debug|Any CPU.ActiveCfg = Debug|Any CPU
		{115DC83C-FCDE-4217-A2B6-2561257D9B1B}.Debug|Any CPU.Build.0 = Debug|Any CPU
		{115DC83C-FCDE-4217-A2B6-2561257D9B1B}.Release|Any CPU.ActiveCfg = Release|Any CPU
		{115DC83C-FCDE-4217-A2B6-2561257D9B1B}.Release|Any CPU.Build.0 = Release|Any CPU
	EndGlobalSection
	GlobalSection(SolutionProperties) = preSolution
		HideSolutionNode = FALSE
	EndGlobalSection
	GlobalSection(ExtensibilityGlobals) = postSolution
		SolutionGuid = {70AC19E2-9042-4EA5-B68D-683CE5F5FE3F}
	EndGlobalSection
EndGlobal
